
Microsoft Visual Studio Solution File, Format Version 12.00
# Visual Studio Version 17
VisualStudioVersion = 17.4.33205.214
MinimumVisualStudioVersion = 10.0.40219.1
Project("{FAE04EC0-301F-11D3-BF4B-00C04F79EFBC}") = "LibraryBooks", "LibraryBooks.csproj", "{C61378D1-278B-403B-9E37-10E2F75C735B}"
EndProject
Global
	GlobalSection(SolutionConfigurationPlatforms) = preSolution
		Debug|Any CPU = Debug|Any CPU
		Release|Any CPU = Release|Any CPU
	EndGlobalSection
	GlobalSection(ProjectConfigurationPlatforms) = postSolution
		{C61378D1-278B-403B-9E37-10E2F75C735B}.Debug|Any CPU.ActiveCfg = Debug|Any CPU
		{C61378D1-278B-403B-9E37-10E2F75C735B}.Debug|Any CPU.Build.0 = Debug|Any CPU
		{C61378D1-278B-403B-9E37-10E2F75C735B}.Release|Any CPU.ActiveCfg = Release|Any CPU
		{C61378D1-278B-403B-9E37-10E2F75C735B}.Release|Any CPU.Build.0 = Release|Any CPU
	EndGlobalSection
	GlobalSection(SolutionProperties) = preSolution
		HideSolutionNode = FALSE
	EndGlobalSection
	GlobalSection(ExtensibilityGlobals) = postSolution
		SolutionGuid = {84DF37AD-764B-4B97-BF63-BFE38A7DD511}
	EndGlobalSection
EndGlobal
